
Microsoft Visual Studio Solution File, Format Version 12.00
# Visual Studio Version 16
VisualStudioVersion = 16.0.29911.84
MinimumVisualStudioVersion = 10.0.40219.1
Project("{FAE04EC0-301F-11D3-BF4B-00C04F79EFBC}") = "AgeOfVillagers", "AgeOfVillagers.csproj", "{10C8E1A6-AD3D-4CA2-8776-5CD20F9A612D}"
EndProject
Project("{9A19103F-16F7-4668-BE54-9A1E7A4F7556}") = "AgeOfVillagers.Tests", "..\AgeOfVillagers.Tests\AgeOfVillagers.Tests.csproj", "{C155E489-09D8-4A8B-8614-78A13A6A5298}"
EndProject
Global
	GlobalSection(SolutionConfigurationPlatforms) = preSolution
		Debug|Any CPU = Debug|Any CPU
		Release|Any CPU = Release|Any CPU
	EndGlobalSection
	GlobalSection(ProjectConfigurationPlatforms) = postSolution
		{10C8E1A6-AD3D-4CA2-8776-5CD20F9A612D}.Debug|Any CPU.ActiveCfg = Debug|Any CPU
		{10C8E1A6-AD3D-4CA2-8776-5CD20F9A612D}.Debug|Any CPU.Build.0 = Debug|Any CPU
		{10C8E1A6-AD3D-4CA2-8776-5CD20F9A612D}.Release|Any CPU.ActiveCfg = Release|Any CPU
		{10C8E1A6-AD3D-4CA2-8776-5CD20F9A612D}.Release|Any CPU.Build.0 = Release|Any CPU
		{C155E489-09D8-4A8B-8614-78A13A6A5298}.Debug|Any CPU.ActiveCfg = Debug|Any CPU
		{C155E489-09D8-4A8B-8614-78A13A6A5298}.Debug|Any CPU.Build.0 = Debug|Any CPU
		{C155E489-09D8-4A8B-8614-78A13A6A5298}.Release|Any CPU.ActiveCfg = Release|Any CPU
		{C155E489-09D8-4A8B-8614-78A13A6A5298}.Release|Any CPU.Build.0 = Release|Any CPU
	EndGlobalSection
	GlobalSection(SolutionProperties) = preSolution
		HideSolutionNode = FALSE
	EndGlobalSection
	GlobalSection(ExtensibilityGlobals) = postSolution
		SolutionGuid = {7AAF4EE4-77CB-4B15-A0BB-523364C1A499}
	EndGlobalSection
EndGlobal
